// !$*UTF8*$!
{
	archiveVersion = 1;
	classes = {
	};
	objectVersion = 46;
	objects = {

/* Begin PBXBuildFile section */
		280728E51E6562B7001563F8 /* NSCalendar+Distance.m in Sources */ = {isa = PBXBuildFile; fileRef = 280728E41E6562B7001563F8 /* NSCalendar+Distance.m */; };
		28EEDB131E7FA69B00C7C229 /* NSMutableDictionary+Weak.m in Sources */ = {isa = PBXBuildFile; fileRef = 28EEDB121E7FA69B00C7C229 /* NSMutableDictionary+Weak.m */; };
		28FEB11F1E5D2E1B0028615C /* FormTextFieldUnitCell.m in Sources */ = {isa = PBXBuildFile; fileRef = 28FEB11E1E5D2E1B0028615C /* FormTextFieldUnitCell.m */; };
		DA0F58D79126088EA8F12F21 /* libPods-Repertorys.a in Frameworks */ = {isa = PBXBuildFile; fileRef = 31F931E299182346B29BA367 /* libPods-Repertorys.a */; };
		F12FA6CF1DBD9CE1005A5101 /* RealNameIDCardNoView.xib in Resources */ = {isa = PBXBuildFile; fileRef = F12FA6CE1DBD9CE1005A5101 /* RealNameIDCardNoView.xib */; };
		F12FA6D11DBDA89D005A5101 /* DeviceCell.xib in Resources */ = {isa = PBXBuildFile; fileRef = F12FA6D01DBDA89D005A5101 /* DeviceCell.xib */; };
		F12FA6D31DBDA8BF005A5101 /* ReadMe in Resources */ = {isa = PBXBuildFile; fileRef = F12FA6D21DBDA8BF005A5101 /* ReadMe */; };
		F17F87FE1DBAFAD000A1CFE8 /* main.m in Sources */ = {isa = PBXBuildFile; fileRef = F17F87FD1DBAFAD000A1CFE8 /* main.m */; };
		F17F88011DBAFAD000A1CFE8 /* AppDelegate.m in Sources */ = {isa = PBXBuildFile; fileRef = F17F88001DBAFAD000A1CFE8 /* AppDelegate.m */; };
		F17F88041DBAFAD000A1CFE8 /* ViewController.m in Sources */ = {isa = PBXBuildFile; fileRef = F17F88031DBAFAD000A1CFE8 /* ViewController.m */; };
		F17F88071DBAFAD000A1CFE8 /* Main.storyboard in Resources */ = {isa = PBXBuildFile; fileRef = F17F88051DBAFAD000A1CFE8 /* Main.storyboard */; };
		F17F88091DBAFAD000A1CFE8 /* Assets.xcassets in Resources */ = {isa = PBXBuildFile; fileRef = F17F88081DBAFAD000A1CFE8 /* Assets.xcassets */; };
		F17F880C1DBAFAD000A1CFE8 /* LaunchScreen.storyboard in Resources */ = {isa = PBXBuildFile; fileRef = F17F880A1DBAFAD000A1CFE8 /* LaunchScreen.storyboard */; };
		F17F88161DBAFAF300A1CFE8 /* FormTextFieldCell.m in Sources */ = {isa = PBXBuildFile; fileRef = F17F88151DBAFAF300A1CFE8 /* FormTextFieldCell.m */; };
		F17F881C1DBAFC5700A1CFE8 /* CURFormTableViewController.m in Sources */ = {isa = PBXBuildFile; fileRef = F17F881B1DBAFC5700A1CFE8 /* CURFormTableViewController.m */; };
		F19AD6A41DC63DB500B159A7 /* OperableMsgCell.m in Sources */ = {isa = PBXBuildFile; fileRef = F19AD6A31DC63DB500B159A7 /* OperableMsgCell.m */; };
		F19AD6A91DC63E9700B159A7 /* CALayer+XibConfiguration.m in Sources */ = {isa = PBXBuildFile; fileRef = F19AD6A81DC63E9700B159A7 /* CALayer+XibConfiguration.m */; };
		F19AD6BC1DC641C200B159A7 /* ImageTextMsgCell效果图.png in Resources */ = {isa = PBXBuildFile; fileRef = F19AD6B91DC641C200B159A7 /* ImageTextMsgCell效果图.png */; };
		F19AD6BD1DC641C200B159A7 /* OperableMsgCell效果图.png in Resources */ = {isa = PBXBuildFile; fileRef = F19AD6BA1DC641C200B159A7 /* OperableMsgCell效果图.png */; };
		F19AD6BE1DC641C200B159A7 /* TextMsgCell效果图.png in Resources */ = {isa = PBXBuildFile; fileRef = F19AD6BB1DC641C200B159A7 /* TextMsgCell效果图.png */; };
		F1CCF7BD1DBF950F006EF766 /* ImageTextMsgCell.m in Sources */ = {isa = PBXBuildFile; fileRef = F1CCF7BA1DBF950E006EF766 /* ImageTextMsgCell.m */; };
		F1CCF7BE1DBF950F006EF766 /* TextMsgCell.m in Sources */ = {isa = PBXBuildFile; fileRef = F1CCF7BC1DBF950E006EF766 /* TextMsgCell.m */; };
/* End PBXBuildFile section */

/* Begin PBXFileReference section */
		280728E31E6562B7001563F8 /* NSCalendar+Distance.h */ = {isa = PBXFileReference; fileEncoding = 4; lastKnownFileType = sourcecode.c.h; path = "NSCalendar+Distance.h"; sourceTree = "<group>"; };
		280728E41E6562B7001563F8 /* NSCalendar+Distance.m */ = {isa = PBXFileReference; fileEncoding = 4; lastKnownFileType = sourcecode.c.objc; path = "NSCalendar+Distance.m"; sourceTree = "<group>"; };
		28EEDB111E7FA69B00C7C229 /* NSMutableDictionary+Weak.h */ = {isa = PBXFileReference; fileEncoding = 4; lastKnownFileType = sourcecode.c.h; name = "NSMutableDictionary+Weak.h"; path = "Category/NSMutableDictionary+Weak.h"; sourceTree = "<group>"; };
		28EEDB121E7FA69B00C7C229 /* NSMutableDictionary+Weak.m */ = {isa = PBXFileReference; fileEncoding = 4; lastKnownFileType = sourcecode.c.objc; name = "NSMutableDictionary+Weak.m"; path = "Category/NSMutableDictionary+Weak.m"; sourceTree = "<group>"; };
		28FEB11B1E5D2E1B0028615C /* FormCellDelegate.h */ = {isa = PBXFileReference; fileEncoding = 4; lastKnownFileType = sourcecode.c.h; path = FormCellDelegate.h; sourceTree = "<group>"; };
		28FEB11C1E5D2E1B0028615C /* FormCellModelProtocol.h */ = {isa = PBXFileReference; fileEncoding = 4; lastKnownFileType = sourcecode.c.h; path = FormCellModelProtocol.h; sourceTree = "<group>"; };
		28FEB11D1E5D2E1B0028615C /* FormTextFieldUnitCell.h */ = {isa = PBXFileReference; fileEncoding = 4; lastKnownFileType = sourcecode.c.h; path = FormTextFieldUnitCell.h; sourceTree = "<group>"; };
		28FEB11E1E5D2E1B0028615C /* FormTextFieldUnitCell.m */ = {isa = PBXFileReference; fileEncoding = 4; lastKnownFileType = sourcecode.c.objc; path = FormTextFieldUnitCell.m; sourceTree = "<group>"; };
		31F931E299182346B29BA367 /* libPods-Repertorys.a */ = {isa = PBXFileReference; explicitFileType = archive.ar; includeInIndex = 0; path = "libPods-Repertorys.a"; sourceTree = BUILT_PRODUCTS_DIR; };
		3E9DBD50BBCC8F8D46C28D81 /* Pods-Repertorys.release.xcconfig */ = {isa = PBXFileReference; includeInIndex = 1; lastKnownFileType = text.xcconfig; name = "Pods-Repertorys.release.xcconfig"; path = "Pods/Target Support Files/Pods-Repertorys/Pods-Repertorys.release.xcconfig"; sourceTree = "<group>"; };
		C564BF56CD64BF75F14EA5DC /* Pods-Repertorys.debug.xcconfig */ = {isa = PBXFileReference; includeInIndex = 1; lastKnownFileType = text.xcconfig; name = "Pods-Repertorys.debug.xcconfig"; path = "Pods/Target Support Files/Pods-Repertorys/Pods-Repertorys.debug.xcconfig"; sourceTree = "<group>"; };
		F103CA1D1E5B2AFD008B6190 /* MsgCellModelProtocol.h */ = {isa = PBXFileReference; lastKnownFileType = sourcecode.c.h; path = MsgCellModelProtocol.h; sourceTree = "<group>"; };
		F12FA6CE1DBD9CE1005A5101 /* RealNameIDCardNoView.xib */ = {isa = PBXFileReference; fileEncoding = 4; lastKnownFileType = file.xib; path = RealNameIDCardNoView.xib; sourceTree = "<group>"; };
		F12FA6D01DBDA89D005A5101 /* DeviceCell.xib */ = {isa = PBXFileReference; fileEncoding = 4; lastKnownFileType = file.xib; path = DeviceCell.xib; sourceTree = "<group>"; };
		F12FA6D21DBDA8BF005A5101 /* ReadMe */ = {isa = PBXFileReference; fileEncoding = 4; lastKnownFileType = text; path = ReadMe; sourceTree = "<group>"; };
		F17F87F91DBAFAD000A1CFE8 /* Repertorys.app */ = {isa = PBXFileReference; explicitFileType = wrapper.application; includeInIndex = 0; path = Repertorys.app; sourceTree = BUILT_PRODUCTS_DIR; };
		F17F87FD1DBAFAD000A1CFE8 /* main.m */ = {isa = PBXFileReference; lastKnownFileType = sourcecode.c.objc; path = main.m; sourceTree = "<group>"; };
		F17F87FF1DBAFAD000A1CFE8 /* AppDelegate.h */ = {isa = PBXFileReference; lastKnownFileType = sourcecode.c.h; path = AppDelegate.h; sourceTree = "<group>"; };
		F17F88001DBAFAD000A1CFE8 /* AppDelegate.m */ = {isa = PBXFileReference; lastKnownFileType = sourcecode.c.objc; path = AppDelegate.m; sourceTree = "<group>"; };
		F17F88021DBAFAD000A1CFE8 /* ViewController.h */ = {isa = PBXFileReference; lastKnownFileType = sourcecode.c.h; path = ViewController.h; sourceTree = "<group>"; };
		F17F88031DBAFAD000A1CFE8 /* ViewController.m */ = {isa = PBXFileReference; lastKnownFileType = sourcecode.c.objc; path = ViewController.m; sourceTree = "<group>"; };
		F17F88061DBAFAD000A1CFE8 /* Base */ = {isa = PBXFileReference; lastKnownFileType = file.storyboard; name = Base; path = Base.lproj/Main.storyboard; sourceTree = "<group>"; };
		F17F88081DBAFAD000A1CFE8 /* Assets.xcassets */ = {isa = PBXFileReference; lastKnownFileType = folder.assetcatalog; path = Assets.xcassets; sourceTree = "<group>"; };
		F17F880B1DBAFAD000A1CFE8 /* Base */ = {isa = PBXFileReference; lastKnownFileType = file.storyboard; name = Base; path = Base.lproj/LaunchScreen.storyboard; sourceTree = "<group>"; };
		F17F880D1DBAFAD000A1CFE8 /* Info.plist */ = {isa = PBXFileReference; lastKnownFileType = text.plist.xml; path = Info.plist; sourceTree = "<group>"; };
		F17F88141DBAFAF300A1CFE8 /* FormTextFieldCell.h */ = {isa = PBXFileReference; fileEncoding = 4; lastKnownFileType = sourcecode.c.h; path = FormTextFieldCell.h; sourceTree = "<group>"; };
		F17F88151DBAFAF300A1CFE8 /* FormTextFieldCell.m */ = {isa = PBXFileReference; fileEncoding = 4; lastKnownFileType = sourcecode.c.objc; path = FormTextFieldCell.m; sourceTree = "<group>"; };
		F17F881A1DBAFC5700A1CFE8 /* CURFormTableViewController.h */ = {isa = PBXFileReference; fileEncoding = 4; lastKnownFileType = sourcecode.c.h; path = CURFormTableViewController.h; sourceTree = "<group>"; };
		F17F881B1DBAFC5700A1CFE8 /* CURFormTableViewController.m */ = {isa = PBXFileReference; fileEncoding = 4; lastKnownFileType = sourcecode.c.objc; path = CURFormTableViewController.m; sourceTree = "<group>"; };
		F19AD6A21DC63DB500B159A7 /* OperableMsgCell.h */ = {isa = PBXFileReference; fileEncoding = 4; lastKnownFileType = sourcecode.c.h; path = OperableMsgCell.h; sourceTree = "<group>"; };
		F19AD6A31DC63DB500B159A7 /* OperableMsgCell.m */ = {isa = PBXFileReference; fileEncoding = 4; lastKnownFileType = sourcecode.c.objc; path = OperableMsgCell.m; sourceTree = "<group>"; };
		F19AD6A71DC63E9700B159A7 /* CALayer+XibConfiguration.h */ = {isa = PBXFileReference; fileEncoding = 4; lastKnownFileType = sourcecode.c.h; path = "CALayer+XibConfiguration.h"; sourceTree = "<group>"; };
		F19AD6A81DC63E9700B159A7 /* CALayer+XibConfiguration.m */ = {isa = PBXFileReference; fileEncoding = 4; lastKnownFileType = sourcecode.c.objc; path = "CALayer+XibConfiguration.m"; sourceTree = "<group>"; };
		F19AD6B91DC641C200B159A7 /* ImageTextMsgCell效果图.png */ = {isa = PBXFileReference; lastKnownFileType = image.png; path = "ImageTextMsgCell效果图.png"; sourceTree = "<group>"; };
		F19AD6BA1DC641C200B159A7 /* OperableMsgCell效果图.png */ = {isa = PBXFileReference; lastKnownFileType = image.png; path = "OperableMsgCell效果图.png"; sourceTree = "<group>"; };
		F19AD6BB1DC641C200B159A7 /* TextMsgCell效果图.png */ = {isa = PBXFileReference; lastKnownFileType = image.png; path = "TextMsgCell效果图.png"; sourceTree = "<group>"; };
		F1CCF7B91DBF950E006EF766 /* ImageTextMsgCell.h */ = {isa = PBXFileReference; fileEncoding = 4; lastKnownFileType = sourcecode.c.h; path = ImageTextMsgCell.h; sourceTree = "<group>"; };
		F1CCF7BA1DBF950E006EF766 /* ImageTextMsgCell.m */ = {isa = PBXFileReference; fileEncoding = 4; lastKnownFileType = sourcecode.c.objc; path = ImageTextMsgCell.m; sourceTree = "<group>"; };
		F1CCF7BB1DBF950E006EF766 /* TextMsgCell.h */ = {isa = PBXFileReference; fileEncoding = 4; lastKnownFileType = sourcecode.c.h; path = TextMsgCell.h; sourceTree = "<group>"; };
		F1CCF7BC1DBF950E006EF766 /* TextMsgCell.m */ = {isa = PBXFileReference; fileEncoding = 4; lastKnownFileType = sourcecode.c.objc; path = TextMsgCell.m; sourceTree = "<group>"; };
		F1CCF7BF1DBF9702006EF766 /* MacroDefinition.h */ = {isa = PBXFileReference; lastKnownFileType = sourcecode.c.h; path = MacroDefinition.h; sourceTree = "<group>"; };
		F1CCF7C01DBF9759006EF766 /* Repertorys.pch */ = {isa = PBXFileReference; fileEncoding = 4; lastKnownFileType = sourcecode.c.h; path = Repertorys.pch; sourceTree = "<group>"; };
/* End PBXFileReference section */

/* Begin PBXFrameworksBuildPhase section */
		F17F87F61DBAFAD000A1CFE8 /* Frameworks */ = {
			isa = PBXFrameworksBuildPhase;
			buildActionMask = 2147483647;
			files = (
				DA0F58D79126088EA8F12F21 /* libPods-Repertorys.a in Frameworks */,
			);
			runOnlyForDeploymentPostprocessing = 0;
		};
/* End PBXFrameworksBuildPhase section */

/* Begin PBXGroup section */
		280728E21E6562B7001563F8 /* NSDate */ = {
			isa = PBXGroup;
			children = (
				280728E31E6562B7001563F8 /* NSDate+Distance.h */,
				280728E41E6562B7001563F8 /* NSDate+Distance.m */,
			);
			name = NSDate;
			path = NSCalendar;
			sourceTree = "<group>";
		};
		6067BFA5FC3D711715A7EFC8 /* Pods */ = {
			isa = PBXGroup;
			children = (
				C564BF56CD64BF75F14EA5DC /* Pods-Repertorys.debug.xcconfig */,
				3E9DBD50BBCC8F8D46C28D81 /* Pods-Repertorys.release.xcconfig */,
			);
			name = Pods;
			sourceTree = "<group>";
		};
		D290EFF9B3D41FC14CC912CD /* Frameworks */ = {
			isa = PBXGroup;
			children = (
				31F931E299182346B29BA367 /* libPods-Repertorys.a */,
			);
			name = Frameworks;
			sourceTree = "<group>";
		};
		F12FA6CD1DBD9CE1005A5101 /* xib */ = {
			isa = PBXGroup;
			children = (
				F12FA6D01DBDA89D005A5101 /* DeviceCell.xib */,
				F12FA6CE1DBD9CE1005A5101 /* RealNameIDCardNoView.xib */,
				F12FA6D21DBDA8BF005A5101 /* ReadMe */,
			);
			path = xib;
			sourceTree = "<group>";
		};
		F17F87F01DBAFAD000A1CFE8 = {
			isa = PBXGroup;
			children = (
				F17F87FB1DBAFAD000A1CFE8 /* Repertorys */,
				F17F87FA1DBAFAD000A1CFE8 /* Products */,
				6067BFA5FC3D711715A7EFC8 /* Pods */,
				D290EFF9B3D41FC14CC912CD /* Frameworks */,
			);
			sourceTree = "<group>";
		};
		F17F87FA1DBAFAD000A1CFE8 /* Products */ = {
			isa = PBXGroup;
			children = (
				F17F87F91DBAFAD000A1CFE8 /* Repertorys.app */,
			);
			name = Products;
			sourceTree = "<group>";
		};
		F17F87FB1DBAFAD000A1CFE8 /* Repertorys */ = {
			isa = PBXGroup;
			children = (
				F19AD6A51DC63E9700B159A7 /* Category */,
				28EEDB111E7FA69B00C7C229 /* NSMutableDictionary+Weak.h */,
				28EEDB121E7FA69B00C7C229 /* NSMutableDictionary+Weak.m */,
				F1CCF7B81DBF950E006EF766 /* SDAutoLayout */,
				F12FA6CD1DBD9CE1005A5101 /* xib */,
				F17F88131DBAFAF300A1CFE8 /* UITabelView */,
				F17F88191DBAFC5700A1CFE8 /* Logic */,
				F17F87FF1DBAFAD000A1CFE8 /* AppDelegate.h */,
				F17F88001DBAFAD000A1CFE8 /* AppDelegate.m */,
				F17F88021DBAFAD000A1CFE8 /* ViewController.h */,
				F17F88031DBAFAD000A1CFE8 /* ViewController.m */,
				F17F88051DBAFAD000A1CFE8 /* Main.storyboard */,
				F1CCF7BF1DBF9702006EF766 /* MacroDefinition.h */,
				F17F88081DBAFAD000A1CFE8 /* Assets.xcassets */,
				F17F880A1DBAFAD000A1CFE8 /* LaunchScreen.storyboard */,
				F17F880D1DBAFAD000A1CFE8 /* Info.plist */,
				F17F87FC1DBAFAD000A1CFE8 /* Supporting Files */,
				F1CCF7C01DBF9759006EF766 /* Repertorys.pch */,
			);
			path = Repertorys;
			sourceTree = "<group>";
		};
		F17F87FC1DBAFAD000A1CFE8 /* Supporting Files */ = {
			isa = PBXGroup;
			children = (
				F17F87FD1DBAFAD000A1CFE8 /* main.m */,
			);
			name = "Supporting Files";
			sourceTree = "<group>";
		};
		F17F88131DBAFAF300A1CFE8 /* UITabelView */ = {
			isa = PBXGroup;
			children = (
				28FEB11B1E5D2E1B0028615C /* FormCellDelegate.h */,
				28FEB11C1E5D2E1B0028615C /* FormCellModelProtocol.h */,
				28FEB11D1E5D2E1B0028615C /* FormTextFieldUnitCell.h */,
				28FEB11E1E5D2E1B0028615C /* FormTextFieldUnitCell.m */,
				F17F88141DBAFAF300A1CFE8 /* FormTextFieldCell.h */,
				F17F88151DBAFAF300A1CFE8 /* FormTextFieldCell.m */,
			);
			path = UITabelView;
			sourceTree = "<group>";
		};
		F17F88191DBAFC5700A1CFE8 /* Logic */ = {
			isa = PBXGroup;
			children = (
				F17F881A1DBAFC5700A1CFE8 /* CURFormTableViewController.h */,
				F17F881B1DBAFC5700A1CFE8 /* CURFormTableViewController.m */,
			);
			path = Logic;
			sourceTree = "<group>";
		};
		F19AD6A51DC63E9700B159A7 /* Category */ = {
			isa = PBXGroup;
			children = (
				280728E21E6562B7001563F8 /* NSDate */,
				F19AD6A61DC63E9700B159A7 /* UIView */,
			);
			path = Category;
			sourceTree = "<group>";
		};
		F19AD6A61DC63E9700B159A7 /* UIView */ = {
			isa = PBXGroup;
			children = (
				F19AD6A71DC63E9700B159A7 /* CALayer+XibConfiguration.h */,
				F19AD6A81DC63E9700B159A7 /* CALayer+XibConfiguration.m */,
			);
			path = UIView;
			sourceTree = "<group>";
		};
		F19AD6B81DC641C200B159A7 /* 效果图 */ = {
			isa = PBXGroup;
			children = (
				F19AD6B91DC641C200B159A7 /* ImageTextMsgCell效果图.png */,
				F19AD6BA1DC641C200B159A7 /* OperableMsgCell效果图.png */,
				F19AD6BB1DC641C200B159A7 /* TextMsgCell效果图.png */,
			);
			path = "效果图";
			sourceTree = "<group>";
		};
		F1CCF7B81DBF950E006EF766 /* SDAutoLayout */ = {
			isa = PBXGroup;
			children = (
				F103CA1D1E5B2AFD008B6190 /* MsgCellModelProtocol.h */,
				F19AD6A21DC63DB500B159A7 /* OperableMsgCell.h */,
				F19AD6A31DC63DB500B159A7 /* OperableMsgCell.m */,
				F1CCF7B91DBF950E006EF766 /* ImageTextMsgCell.h */,
				F1CCF7BA1DBF950E006EF766 /* ImageTextMsgCell.m */,
				F1CCF7BB1DBF950E006EF766 /* TextMsgCell.h */,
				F1CCF7BC1DBF950E006EF766 /* TextMsgCell.m */,
				F19AD6B81DC641C200B159A7 /* 效果图 */,
			);
			path = SDAutoLayout;
			sourceTree = "<group>";
		};
/* End PBXGroup section */

/* Begin PBXNativeTarget section */
		F17F87F81DBAFAD000A1CFE8 /* Repertorys */ = {
			isa = PBXNativeTarget;
			buildConfigurationList = F17F88101DBAFAD000A1CFE8 /* Build configuration list for PBXNativeTarget "Repertorys" */;
			buildPhases = (
				C947E6F02F4701355614C641 /* [CP] Check Pods Manifest.lock */,
				F17F87F51DBAFAD000A1CFE8 /* Sources */,
				F17F87F61DBAFAD000A1CFE8 /* Frameworks */,
				F17F87F71DBAFAD000A1CFE8 /* Resources */,
				7B25702F67782A374194E0F3 /* [CP] Embed Pods Frameworks */,
				5631BDC8186A9B5FA84C05C4 /* [CP] Copy Pods Resources */,
			);
			buildRules = (
			);
			dependencies = (
			);
			name = Repertorys;
			productName = Repertorys;
			productReference = F17F87F91DBAFAD000A1CFE8 /* Repertorys.app */;
			productType = "com.apple.product-type.application";
		};
/* End PBXNativeTarget section */

/* Begin PBXProject section */
		F17F87F11DBAFAD000A1CFE8 /* Project object */ = {
			isa = PBXProject;
			attributes = {
				LastUpgradeCheck = 0800;
				ORGANIZATIONNAME = xxb;
				TargetAttributes = {
					F17F87F81DBAFAD000A1CFE8 = {
						CreatedOnToolsVersion = 8.0;
						DevelopmentTeam = 4C29NUCE35;
						ProvisioningStyle = Automatic;
					};
				};
			};
			buildConfigurationList = F17F87F41DBAFAD000A1CFE8 /* Build configuration list for PBXProject "Repertorys" */;
			compatibilityVersion = "Xcode 3.2";
			developmentRegion = English;
			hasScannedForEncodings = 0;
			knownRegions = (
				en,
				Base,
			);
			mainGroup = F17F87F01DBAFAD000A1CFE8;
			productRefGroup = F17F87FA1DBAFAD000A1CFE8 /* Products */;
			projectDirPath = "";
			projectRoot = "";
			targets = (
				F17F87F81DBAFAD000A1CFE8 /* Repertorys */,
			);
		};
/* End PBXProject section */

/* Begin PBXResourcesBuildPhase section */
		F17F87F71DBAFAD000A1CFE8 /* Resources */ = {
			isa = PBXResourcesBuildPhase;
			buildActionMask = 2147483647;
			files = (
				F17F880C1DBAFAD000A1CFE8 /* LaunchScreen.storyboard in Resources */,
				F19AD6BD1DC641C200B159A7 /* OperableMsgCell效果图.png in Resources */,
				F19AD6BE1DC641C200B159A7 /* TextMsgCell效果图.png in Resources */,
				F17F88091DBAFAD000A1CFE8 /* Assets.xcassets in Resources */,
				F12FA6D31DBDA8BF005A5101 /* ReadMe in Resources */,
				F19AD6BC1DC641C200B159A7 /* ImageTextMsgCell效果图.png in Resources */,
				F12FA6D11DBDA89D005A5101 /* DeviceCell.xib in Resources */,
				F12FA6CF1DBD9CE1005A5101 /* RealNameIDCardNoView.xib in Resources */,
				F17F88071DBAFAD000A1CFE8 /* Main.storyboard in Resources */,
			);
			runOnlyForDeploymentPostprocessing = 0;
		};
/* End PBXResourcesBuildPhase section */

/* Begin PBXShellScriptBuildPhase section */
		5631BDC8186A9B5FA84C05C4 /* [CP] Copy Pods Resources */ = {
			isa = PBXShellScriptBuildPhase;
			buildActionMask = 2147483647;
			files = (
			);
			inputPaths = (
			);
			name = "[CP] Copy Pods Resources";
			outputPaths = (
			);
			runOnlyForDeploymentPostprocessing = 0;
			shellPath = /bin/sh;
			shellScript = "\"${SRCROOT}/Pods/Target Support Files/Pods-Repertorys/Pods-Repertorys-resources.sh\"\n";
			showEnvVarsInLog = 0;
		};
		7B25702F67782A374194E0F3 /* [CP] Embed Pods Frameworks */ = {
			isa = PBXShellScriptBuildPhase;
			buildActionMask = 2147483647;
			files = (
			);
			inputPaths = (
			);
			name = "[CP] Embed Pods Frameworks";
			outputPaths = (
			);
			runOnlyForDeploymentPostprocessing = 0;
			shellPath = /bin/sh;
			shellScript = "\"${SRCROOT}/Pods/Target Support Files/Pods-Repertorys/Pods-Repertorys-frameworks.sh\"\n";
			showEnvVarsInLog = 0;
		};
		C947E6F02F4701355614C641 /* [CP] Check Pods Manifest.lock */ = {
			isa = PBXShellScriptBuildPhase;
			buildActionMask = 2147483647;
			files = (
			);
			inputPaths = (
			);
			name = "[CP] Check Pods Manifest.lock";
			outputPaths = (
			);
			runOnlyForDeploymentPostprocessing = 0;
			shellPath = /bin/sh;
			shellScript = "diff \"${PODS_ROOT}/../Podfile.lock\" \"${PODS_ROOT}/Manifest.lock\" > /dev/null\nif [ $? != 0 ] ; then\n    # print error to STDERR\n    echo \"error: The sandbox is not in sync with the Podfile.lock. Run 'pod install' or update your CocoaPods installation.\" >&2\n    exit 1\nfi\n";
			showEnvVarsInLog = 0;
		};
/* End PBXShellScriptBuildPhase section */

/* Begin PBXSourcesBuildPhase section */
		F17F87F51DBAFAD000A1CFE8 /* Sources */ = {
			isa = PBXSourcesBuildPhase;
			buildActionMask = 2147483647;
			files = (
				F19AD6A91DC63E9700B159A7 /* CALayer+XibConfiguration.m in Sources */,
				F17F88041DBAFAD000A1CFE8 /* ViewController.m in Sources */,
				28FEB11F1E5D2E1B0028615C /* FormTextFieldUnitCell.m in Sources */,
				F17F88011DBAFAD000A1CFE8 /* AppDelegate.m in Sources */,
				F17F87FE1DBAFAD000A1CFE8 /* main.m in Sources */,
				F1CCF7BD1DBF950F006EF766 /* ImageTextMsgCell.m in Sources */,
				F17F881C1DBAFC5700A1CFE8 /* CURFormTableViewController.m in Sources */,
				280728E51E6562B7001563F8 /* NSDate+Distance.m in Sources */,
				F1CCF7BE1DBF950F006EF766 /* TextMsgCell.m in Sources */,
				28EEDB131E7FA69B00C7C229 /* NSMutableDictionary+Weak.m in Sources */,
				F17F88161DBAFAF300A1CFE8 /* FormTextFieldCell.m in Sources */,
				F19AD6A41DC63DB500B159A7 /* OperableMsgCell.m in Sources */,
			);
			runOnlyForDeploymentPostprocessing = 0;
		};
/* End PBXSourcesBuildPhase section */

/* Begin PBXVariantGroup section */
		F17F88051DBAFAD000A1CFE8 /* Main.storyboard */ = {
			isa = PBXVariantGroup;
			children = (
				F17F88061DBAFAD000A1CFE8 /* Base */,
			);
			name = Main.storyboard;
			sourceTree = "<group>";
		};
		F17F880A1DBAFAD000A1CFE8 /* LaunchScreen.storyboard */ = {
			isa = PBXVariantGroup;
			children = (
				F17F880B1DBAFAD000A1CFE8 /* Base */,
			);
			name = LaunchScreen.storyboard;
			sourceTree = "<group>";
		};
/* End PBXVariantGroup section */

/* Begin XCBuildConfiguration section */
		F17F880E1DBAFAD000A1CFE8 /* Debug */ = {
			isa = XCBuildConfiguration;
			buildSettings = {
				ALWAYS_SEARCH_USER_PATHS = NO;
				CLANG_ANALYZER_NONNULL = YES;
				CLANG_CXX_LANGUAGE_STANDARD = "gnu++0x";
				CLANG_CXX_LIBRARY = "libc++";
				CLANG_ENABLE_MODULES = YES;
				CLANG_ENABLE_OBJC_ARC = YES;
				CLANG_WARN_BOOL_CONVERSION = YES;
				CLANG_WARN_CONSTANT_CONVERSION = YES;
				CLANG_WARN_DIRECT_OBJC_ISA_USAGE = YES_ERROR;
				CLANG_WARN_DOCUMENTATION_COMMENTS = YES;
				CLANG_WARN_EMPTY_BODY = YES;
				CLANG_WARN_ENUM_CONVERSION = YES;
				CLANG_WARN_INFINITE_RECURSION = YES;
				CLANG_WARN_INT_CONVERSION = YES;
				CLANG_WARN_OBJC_ROOT_CLASS = YES_ERROR;
				CLANG_WARN_SUSPICIOUS_MOVES = YES;
				CLANG_WARN_UNREACHABLE_CODE = YES;
				CLANG_WARN__DUPLICATE_METHOD_MATCH = YES;
				"CODE_SIGN_IDENTITY[sdk=iphoneos*]" = "iPhone Developer";
				COPY_PHASE_STRIP = NO;
				DEBUG_INFORMATION_FORMAT = dwarf;
				ENABLE_STRICT_OBJC_MSGSEND = YES;
				ENABLE_TESTABILITY = YES;
				GCC_C_LANGUAGE_STANDARD = gnu99;
				GCC_DYNAMIC_NO_PIC = NO;
				GCC_NO_COMMON_BLOCKS = YES;
				GCC_OPTIMIZATION_LEVEL = 0;
				GCC_PREPROCESSOR_DEFINITIONS = (
					"DEBUG=1",
					"$(inherited)",
				);
				GCC_WARN_64_TO_32_BIT_CONVERSION = YES;
				GCC_WARN_ABOUT_RETURN_TYPE = YES_ERROR;
				GCC_WARN_UNDECLARED_SELECTOR = YES;
				GCC_WARN_UNINITIALIZED_AUTOS = YES_AGGRESSIVE;
				GCC_WARN_UNUSED_FUNCTION = YES;
				GCC_WARN_UNUSED_VARIABLE = YES;
				IPHONEOS_DEPLOYMENT_TARGET = 10.0;
				MTL_ENABLE_DEBUG_INFO = YES;
				ONLY_ACTIVE_ARCH = YES;
				SDKROOT = iphoneos;
			};
			name = Debug;
		};
		F17F880F1DBAFAD000A1CFE8 /* Release */ = {
			isa = XCBuildConfiguration;
			buildSettings = {
				ALWAYS_SEARCH_USER_PATHS = NO;
				CLANG_ANALYZER_NONNULL = YES;
				CLANG_CXX_LANGUAGE_STANDARD = "gnu++0x";
				CLANG_CXX_LIBRARY = "libc++";
				CLANG_ENABLE_MODULES = YES;
				CLANG_ENABLE_OBJC_ARC = YES;
				CLANG_WARN_BOOL_CONVERSION = YES;
				CLANG_WARN_CONSTANT_CONVERSION = YES;
				CLANG_WARN_DIRECT_OBJC_ISA_USAGE = YES_ERROR;
				CLANG_WARN_DOCUMENTATION_COMMENTS = YES;
				CLANG_WARN_EMPTY_BODY = YES;
				CLANG_WARN_ENUM_CONVERSION = YES;
				CLANG_WARN_INFINITE_RECURSION = YES;
				CLANG_WARN_INT_CONVERSION = YES;
				CLANG_WARN_OBJC_ROOT_CLASS = YES_ERROR;
				CLANG_WARN_SUSPICIOUS_MOVES = YES;
				CLANG_WARN_UNREACHABLE_CODE = YES;
				CLANG_WARN__DUPLICATE_METHOD_MATCH = YES;
				"CODE_SIGN_IDENTITY[sdk=iphoneos*]" = "iPhone Developer";
				COPY_PHASE_STRIP = NO;
				DEBUG_INFORMATION_FORMAT = "dwarf-with-dsym";
				ENABLE_NS_ASSERTIONS = NO;
				ENABLE_STRICT_OBJC_MSGSEND = YES;
				GCC_C_LANGUAGE_STANDARD = gnu99;
				GCC_NO_COMMON_BLOCKS = YES;
				GCC_WARN_64_TO_32_BIT_CONVERSION = YES;
				GCC_WARN_ABOUT_RETURN_TYPE = YES_ERROR;
				GCC_WARN_UNDECLARED_SELECTOR = YES;
				GCC_WARN_UNINITIALIZED_AUTOS = YES_AGGRESSIVE;
				GCC_WARN_UNUSED_FUNCTION = YES;
				GCC_WARN_UNUSED_VARIABLE = YES;
				IPHONEOS_DEPLOYMENT_TARGET = 10.0;
				MTL_ENABLE_DEBUG_INFO = NO;
				SDKROOT = iphoneos;
				VALIDATE_PRODUCT = YES;
			};
			name = Release;
		};
		F17F88111DBAFAD000A1CFE8 /* Debug */ = {
			isa = XCBuildConfiguration;
			baseConfigurationReference = C564BF56CD64BF75F14EA5DC /* Pods-Repertorys.debug.xcconfig */;
			buildSettings = {
				ASSETCATALOG_COMPILER_APPICON_NAME = AppIcon;
				DEVELOPMENT_TEAM = 4C29NUCE35;
				GCC_PREFIX_HEADER = Repertorys/Repertorys.pch;
				INFOPLIST_FILE = Repertorys/Info.plist;
				IPHONEOS_DEPLOYMENT_TARGET = 8.0;
				LD_RUNPATH_SEARCH_PATHS = "$(inherited) @executable_path/Frameworks";
				PRODUCT_BUNDLE_IDENTIFIER = com.watermellon.Repertorys;
				PRODUCT_NAME = "$(TARGET_NAME)";
			};
			name = Debug;
		};
		F17F88121DBAFAD000A1CFE8 /* Release */ = {
			isa = XCBuildConfiguration;
			baseConfigurationReference = 3E9DBD50BBCC8F8D46C28D81 /* Pods-Repertorys.release.xcconfig */;
			buildSettings = {
				ASSETCATALOG_COMPILER_APPICON_NAME = AppIcon;
				DEVELOPMENT_TEAM = 4C29NUCE35;
				GCC_PREFIX_HEADER = Repertorys/Repertorys.pch;
				INFOPLIST_FILE = Repertorys/Info.plist;
				IPHONEOS_DEPLOYMENT_TARGET = 8.0;
				LD_RUNPATH_SEARCH_PATHS = "$(inherited) @executable_path/Frameworks";
				PRODUCT_BUNDLE_IDENTIFIER = com.watermellon.Repertorys;
				PRODUCT_NAME = "$(TARGET_NAME)";
			};
			name = Release;
		};
/* End XCBuildConfiguration section */

/* Begin XCConfigurationList section */
		F17F87F41DBAFAD000A1CFE8 /* Build configuration list for PBXProject "Repertorys" */ = {
			isa = XCConfigurationList;
			buildConfigurations = (
				F17F880E1DBAFAD000A1CFE8 /* Debug */,
				F17F880F1DBAFAD000A1CFE8 /* Release */,
			);
			defaultConfigurationIsVisible = 0;
			defaultConfigurationName = Release;
		};
		F17F88101DBAFAD000A1CFE8 /* Build configuration list for PBXNativeTarget "Repertorys" */ = {
			isa = XCConfigurationList;
			buildConfigurations = (
				F17F88111DBAFAD000A1CFE8 /* Debug */,
				F17F88121DBAFAD000A1CFE8 /* Release */,
			);
			defaultConfigurationIsVisible = 0;
			defaultConfigurationName = Release;
		};
/* End XCConfigurationList section */
	};
	rootObject = F17F87F11DBAFAD000A1CFE8 /* Project object */;
}
